// !$*UTF8*$!
{
	archiveVersion = 1;
	classes = {
	};
	objectVersion = 46;
	objects = {

/* Begin PBXBuildFile section */
		6B2D1E371B2BEC6300B5A699 /* AppDelegate.swift in Sources */ = {isa = PBXBuildFile; fileRef = 6B2D1E361B2BEC6300B5A699 /* AppDelegate.swift */; };
		6B2D1E391B2BEC6300B5A699 /* ViewController.swift in Sources */ = {isa = PBXBuildFile; fileRef = 6B2D1E381B2BEC6300B5A699 /* ViewController.swift */; };
		6B2D1E3C1B2BEC6300B5A699 /* Main.storyboard in Resources */ = {isa = PBXBuildFile; fileRef = 6B2D1E3A1B2BEC6300B5A699 /* Main.storyboard */; };
		6B2D1E3E1B2BEC6300B5A699 /* Images.xcassets in Resources */ = {isa = PBXBuildFile; fileRef = 6B2D1E3D1B2BEC6300B5A699 /* Images.xcassets */; };
		6B2D1E411B2BEC6300B5A699 /* LaunchScreen.xib in Resources */ = {isa = PBXBuildFile; fileRef = 6B2D1E3F1B2BEC6300B5A699 /* LaunchScreen.xib */; };
		6B2D1E4D1B2BEC6300B5A699 /* TodoTests.swift in Sources */ = {isa = PBXBuildFile; fileRef = 6B2D1E4C1B2BEC6300B5A699 /* TodoTests.swift */; };
		6B2D1E571B2BF10400B5A699 /* TodoModel.swift in Sources */ = {isa = PBXBuildFile; fileRef = 6B2D1E561B2BF10400B5A699 /* TodoModel.swift */; };
/* End PBXBuildFile section */

/* Begin PBXContainerItemProxy section */
		6B2D1E471B2BEC6300B5A699 /* PBXContainerItemProxy */ = {
			isa = PBXContainerItemProxy;
			containerPortal = 6B2D1E291B2BEC6300B5A699 /* Project object */;
			proxyType = 1;
			remoteGlobalIDString = 6B2D1E301B2BEC6300B5A699;
			remoteInfo = Todo;
		};
/* End PBXContainerItemProxy section */

/* Begin PBXFileReference section */
		6B2D1E311B2BEC6300B5A699 /* Todo.app */ = {isa = PBXFileReference; explicitFileType = wrapper.application; includeInIndex = 0; path = Todo.app; sourceTree = BUILT_PRODUCTS_DIR; };
		6B2D1E351B2BEC6300B5A699 /* Info.plist */ = {isa = PBXFileReference; lastKnownFileType = text.plist.xml; path = Info.plist; sourceTree = "<group>"; };
		6B2D1E361B2BEC6300B5A699 /* AppDelegate.swift */ = {isa = PBXFileReference; lastKnownFileType = sourcecode.swift; path = AppDelegate.swift; sourceTree = "<group>"; };
		6B2D1E381B2BEC6300B5A699 /* ViewController.swift */ = {isa = PBXFileReference; lastKnownFileType = sourcecode.swift; path = ViewController.swift; sourceTree = "<group>"; };
		6B2D1E3B1B2BEC6300B5A699 /* Base */ = {isa = PBXFileReference; lastKnownFileType = file.storyboard; name = Base; path = Base.lproj/Main.storyboard; sourceTree = "<group>"; };
		6B2D1E3D1B2BEC6300B5A699 /* Images.xcassets */ = {isa = PBXFileReference; lastKnownFileType = folder.assetcatalog; path = Images.xcassets; sourceTree = "<group>"; };
		6B2D1E401B2BEC6300B5A699 /* Base */ = {isa = PBXFileReference; lastKnownFileType = file.xib; name = Base; path = Base.lproj/LaunchScreen.xib; sourceTree = "<group>"; };
		6B2D1E461B2BEC6300B5A699 /* TodoTests.xctest */ = {isa = PBXFileReference; explicitFileType = wrapper.cfbundle; includeInIndex = 0; path = TodoTests.xctest; sourceTree = BUILT_PRODUCTS_DIR; };
		6B2D1E4B1B2BEC6300B5A699 /* Info.plist */ = {isa = PBXFileReference; lastKnownFileType = text.plist.xml; path = Info.plist; sourceTree = "<group>"; };
		6B2D1E4C1B2BEC6300B5A699 /* TodoTests.swift */ = {isa = PBXFileReference; lastKnownFileType = sourcecode.swift; path = TodoTests.swift; sourceTree = "<group>"; };
		6B2D1E561B2BF10400B5A699 /* TodoModel.swift */ = {isa = PBXFileReference; fileEncoding = 4; lastKnownFileType = sourcecode.swift; path = TodoModel.swift; sourceTree = "<group>"; };
/* End PBXFileReference section */

/* Begin PBXFrameworksBuildPhase section */
		6B2D1E2E1B2BEC6300B5A699 /* Frameworks */ = {
			isa = PBXFrameworksBuildPhase;
			buildActionMask = 2147483647;
			files = (
			);
			runOnlyForDeploymentPostprocessing = 0;
		};
		6B2D1E431B2BEC6300B5A699 /* Frameworks */ = {
			isa = PBXFrameworksBuildPhase;
			buildActionMask = 2147483647;
			files = (
			);
			runOnlyForDeploymentPostprocessing = 0;
		};
/* End PBXFrameworksBuildPhase section */

/* Begin PBXGroup section */
		6B2D1E281B2BEC6300B5A699 = {
			isa = PBXGroup;
			children = (
				6B2D1E331B2BEC6300B5A699 /* Todo */,
				6B2D1E491B2BEC6300B5A699 /* TodoTests */,
				6B2D1E321B2BEC6300B5A699 /* Products */,
			);
			sourceTree = "<group>";
		};
		6B2D1E321B2BEC6300B5A699 /* Products */ = {
			isa = PBXGroup;
			children = (
				6B2D1E311B2BEC6300B5A699 /* Todo.app */,
				6B2D1E461B2BEC6300B5A699 /* TodoTests.xctest */,
			);
			name = Products;
			sourceTree = "<group>";
		};
		6B2D1E331B2BEC6300B5A699 /* Todo */ = {
			isa = PBXGroup;
			children = (
				6B2D1E361B2BEC6300B5A699 /* AppDelegate.swift */,
				6B2D1E381B2BEC6300B5A699 /* ViewController.swift */,
				6B2D1E3A1B2BEC6300B5A699 /* Main.storyboard */,
				6B2D1E3D1B2BEC6300B5A699 /* Images.xcassets */,
				6B2D1E3F1B2BEC6300B5A699 /* LaunchScreen.xib */,
				6B2D1E341B2BEC6300B5A699 /* Supporting Files */,
				6B2D1E561B2BF10400B5A699 /* TodoModel.swift */,
			);
			path = Todo;
			sourceTree = "<group>";
		};
		6B2D1E341B2BEC6300B5A699 /* Supporting Files */ = {
			isa = PBXGroup;
			children = (
				6B2D1E351B2BEC6300B5A699 /* Info.plist */,
			);
			name = "Supporting Files";
			sourceTree = "<group>";
		};
		6B2D1E491B2BEC6300B5A699 /* TodoTests */ = {
			isa = PBXGroup;
			children = (
				6B2D1E4C1B2BEC6300B5A699 /* TodoTests.swift */,
				6B2D1E4A1B2BEC6300B5A699 /* Supporting Files */,
			);
			path = TodoTests;
			sourceTree = "<group>";
		};
		6B2D1E4A1B2BEC6300B5A699 /* Supporting Files */ = {
			isa = PBXGroup;
			children = (
				6B2D1E4B1B2BEC6300B5A699 /* Info.plist */,
			);
			name = "Supporting Files";
			sourceTree = "<group>";
		};
/* End PBXGroup section */

/* Begin PBXNativeTarget section */
		6B2D1E301B2BEC6300B5A699 /* Todo */ = {
			isa = PBXNativeTarget;
			buildConfigurationList = 6B2D1E501B2BEC6300B5A699 /* Build configuration list for PBXNativeTarget "Todo" */;
			buildPhases = (
				6B2D1E2D1B2BEC6300B5A699 /* Sources */,
				6B2D1E2E1B2BEC6300B5A699 /* Frameworks */,
				6B2D1E2F1B2BEC6300B5A699 /* Resources */,
			);
			buildRules = (
			);
			dependencies = (
			);
			name = Todo;
			productName = Todo;
			productReference = 6B2D1E311B2BEC6300B5A699 /* Todo.app */;
			productType = "com.apple.product-type.application";
		};
		6B2D1E451B2BEC6300B5A699 /* TodoTests */ = {
			isa = PBXNativeTarget;
			buildConfigurationList = 6B2D1E531B2BEC6300B5A699 /* Build configuration list for PBXNativeTarget "TodoTests" */;
			buildPhases = (
				6B2D1E421B2BEC6300B5A699 /* Sources */,
				6B2D1E431B2BEC6300B5A699 /* Frameworks */,
				6B2D1E441B2BEC6300B5A699 /* Resources */,
			);
			buildRules = (
			);
			dependencies = (
				6B2D1E481B2BEC6300B5A699 /* PBXTargetDependency */,
			);
			name = TodoTests;
			productName = TodoTests;
			productReference = 6B2D1E461B2BEC6300B5A699 /* TodoTests.xctest */;
			productType = "com.apple.product-type.bundle.unit-test";
		};
/* End PBXNativeTarget section */

/* Begin PBXProject section */
		6B2D1E291B2BEC6300B5A699 /* Project object */ = {
			isa = PBXProject;
			attributes = {
				LastUpgradeCheck = 0630;
				ORGANIZATIONNAME = CJS;
				TargetAttributes = {
					6B2D1E301B2BEC6300B5A699 = {
						CreatedOnToolsVersion = 6.3.2;
					};
					6B2D1E451B2BEC6300B5A699 = {
						CreatedOnToolsVersion = 6.3.2;
						TestTargetID = 6B2D1E301B2BEC6300B5A699;
					};
				};
			};
			buildConfigurationList = 6B2D1E2C1B2BEC6300B5A699 /* Build configuration list for PBXProject "Todo" */;
			compatibilityVersion = "Xcode 3.2";
			developmentRegion = English;
			hasScannedForEncodings = 0;
			knownRegions = (
				en,
				Base,
			);
			mainGroup = 6B2D1E281B2BEC6300B5A699;
			productRefGroup = 6B2D1E321B2BEC6300B5A699 /* Products */;
			projectDirPath = "";
			projectRoot = "";
			targets = (
				6B2D1E301B2BEC6300B5A699 /* Todo */,
				6B2D1E451B2BEC6300B5A699 /* TodoTests */,
			);
		};
/* End PBXProject section */

/* Begin PBXResourcesBuildPhase section */
		6B2D1E2F1B2BEC6300B5A699 /* Resources */ = {
			isa = PBXResourcesBuildPhase;
			buildActionMask = 2147483647;
			files = (
				6B2D1E3C1B2BEC6300B5A699 /* Main.storyboard in Resources */,
				6B2D1E411B2BEC6300B5A699 /* LaunchScreen.xib in Resources */,
				6B2D1E3E1B2BEC6300B5A699 /* Images.xcassets in Resources */,
			);
			runOnlyForDeploymentPostprocessing = 0;
		};
		6B2D1E441B2BEC6300B5A699 /* Resources */ = {
			isa = PBXResourcesBuildPhase;
			buildActionMask = 2147483647;
			files = (
			);
			runOnlyForDeploymentPostprocessing = 0;
		};
/* End PBXResourcesBuildPhase section */

/* Begin PBXSourcesBuildPhase section */
		6B2D1E2D1B2BEC6300B5A699 /* Sources */ = {
			isa = PBXSourcesBuildPhase;
			buildActionMask = 2147483647;
			files = (
				6B2D1E571B2BF10400B5A699 /* TodoModel.swift in Sources */,
				6B2D1E391B2BEC6300B5A699 /* ViewController.swift in Sources */,
				6B2D1E371B2BEC6300B5A699 /* AppDelegate.swift in Sources */,
			);
			runOnlyForDeploymentPostprocessing = 0;
		};
		6B2D1E421B2BEC6300B5A699 /* Sources */ = {
			isa = PBXSourcesBuildPhase;
			buildActionMask = 2147483647;
			files = (
				6B2D1E4D1B2BEC6300B5A699 /* TodoTests.swift in Sources */,
			);
			runOnlyForDeploymentPostprocessing = 0;
		};
/* End PBXSourcesBuildPhase section */

/* Begin PBXTargetDependency section */
		6B2D1E481B2BEC6300B5A699 /* PBXTargetDependency */ = {
			isa = PBXTargetDependency;
			target = 6B2D1E301B2BEC6300B5A699 /* Todo */;
			targetProxy = 6B2D1E471B2BEC6300B5A699 /* PBXContainerItemProxy */;
		};
/* End PBXTargetDependency section */

/* Begin PBXVariantGroup section */
		6B2D1E3A1B2BEC6300B5A699 /* Main.storyboard */ = {
			isa = PBXVariantGroup;
			children = (
				6B2D1E3B1B2BEC6300B5A699 /* Base */,
			);
			name = Main.storyboard;
			sourceTree = "<group>";
		};
		6B2D1E3F1B2BEC6300B5A699 /* LaunchScreen.xib */ = {
			isa = PBXVariantGroup;
			children = (
				6B2D1E401B2BEC6300B5A699 /* Base */,
			);
			name = LaunchScreen.xib;
			sourceTree = "<group>";
		};
/* End PBXVariantGroup section */

/* Begin XCBuildConfiguration section */
		6B2D1E4E1B2BEC6300B5A699 /* Debug */ = {
			isa = XCBuildConfiguration;
			buildSettings = {
				ALWAYS_SEARCH_USER_PATHS = NO;
				CLANG_CXX_LANGUAGE_STANDARD = "gnu++0x";
				CLANG_CXX_LIBRARY = "libc++";
				CLANG_ENABLE_MODULES = YES;
				CLANG_ENABLE_OBJC_ARC = YES;
				CLANG_WARN_BOOL_CONVERSION = YES;
				CLANG_WARN_CONSTANT_CONVERSION = YES;
				CLANG_WARN_DIRECT_OBJC_ISA_USAGE = YES_ERROR;
				CLANG_WARN_EMPTY_BODY = YES;
				CLANG_WARN_ENUM_CONVERSION = YES;
				CLANG_WARN_INT_CONVERSION = YES;
				CLANG_WARN_OBJC_ROOT_CLASS = YES_ERROR;
				CLANG_WARN_UNREACHABLE_CODE = YES;
				CLANG_WARN__DUPLICATE_METHOD_MATCH = YES;
				"CODE_SIGN_IDENTITY[sdk=iphoneos*]" = "iPhone Developer";
				COPY_PHASE_STRIP = NO;
				DEBUG_INFORMATION_FORMAT = "dwarf-with-dsym";
				ENABLE_STRICT_OBJC_MSGSEND = YES;
				GCC_C_LANGUAGE_STANDARD = gnu99;
				GCC_DYNAMIC_NO_PIC = NO;
				GCC_NO_COMMON_BLOCKS = YES;
				GCC_OPTIMIZATION_LEVEL = 0;
				GCC_PREPROCESSOR_DEFINITIONS = (
					"DEBUG=1",
					"$(inherited)",
				);
				GCC_SYMBOLS_PRIVATE_EXTERN = NO;
				GCC_WARN_64_TO_32_BIT_CONVERSION = YES;
				GCC_WARN_ABOUT_RETURN_TYPE = YES_ERROR;
				GCC_WARN_UNDECLARED_SELECTOR = YES;
				GCC_WARN_UNINITIALIZED_AUTOS = YES_AGGRESSIVE;
				GCC_WARN_UNUSED_FUNCTION = YES;
				GCC_WARN_UNUSED_VARIABLE = YES;
				IPHONEOS_DEPLOYMENT_TARGET = 8.3;
				MTL_ENABLE_DEBUG_INFO = YES;
				ONLY_ACTIVE_ARCH = YES;
				SDKROOT = iphoneos;
				SWIFT_OPTIMIZATION_LEVEL = "-Onone";
			};
			name = Debug;
		};
		6B2D1E4F1B2BEC6300B5A699 /* Release */ = {
			isa = XCBuildConfiguration;
			buildSettings = {
				ALWAYS_SEARCH_USER_PATHS = NO;
				CLANG_CXX_LANGUAGE_STANDARD = "gnu++0x";
				CLANG_CXX_LIBRARY = "libc++";
				CLANG_ENABLE_MODULES = YES;
				CLANG_ENABLE_OBJC_ARC = YES;
				CLANG_WARN_BOOL_CONVERSION = YES;
				CLANG_WARN_CONSTANT_CONVERSION = YES;
				CLANG_WARN_DIRECT_OBJC_ISA_USAGE = YES_ERROR;
				CLANG_WARN_EMPTY_BODY = YES;
				CLANG_WARN_ENUM_CONVERSION = YES;
				CLANG_WARN_INT_CONVERSION = YES;
				CLANG_WARN_OBJC_ROOT_CLASS = YES_ERROR;
				CLANG_WARN_UNREACHABLE_CODE = YES;
				CLANG_WARN__DUPLICATE_METHOD_MATCH = YES;
				"CODE_SIGN_IDENTITY[sdk=iphoneos*]" = "iPhone Developer";
				COPY_PHASE_STRIP = NO;
				DEBUG_INFORMATION_FORMAT = "dwarf-with-dsym";
				ENABLE_NS_ASSERTIONS = NO;
				ENABLE_STRICT_OBJC_MSGSEND = YES;
				GCC_C_LANGUAGE_STANDARD = gnu99;
				GCC_NO_COMMON_BLOCKS = YES;
				GCC_WARN_64_TO_32_BIT_CONVERSION = YES;
				GCC_WARN_ABOUT_RETURN_TYPE = YES_ERROR;
				GCC_WARN_UNDECLARED_SELECTOR = YES;
				GCC_WARN_UNINITIALIZED_AUTOS = YES_AGGRESSIVE;
				GCC_WARN_UNUSED_FUNCTION = YES;
				GCC_WARN_UNUSED_VARIABLE = YES;
				IPHONEOS_DEPLOYMENT_TARGET = 8.3;
				MTL_ENABLE_DEBUG_INFO = NO;
				SDKROOT = iphoneos;
				VALIDATE_PRODUCT = YES;
			};
			name = Release;
		};
		6B2D1E511B2BEC6300B5A699 /* Debug */ = {
			isa = XCBuildConfiguration;
			buildSettings = {
				ASSETCATALOG_COMPILER_APPICON_NAME = AppIcon;
				INFOPLIST_FILE = Todo/Info.plist;
				LD_RUNPATH_SEARCH_PATHS = "$(inherited) @executable_path/Frameworks";
				PRODUCT_NAME = "$(TARGET_NAME)";
			};
			name = Debug;
		};
		6B2D1E521B2BEC6300B5A699 /* Release */ = {
			isa = XCBuildConfiguration;
			buildSettings = {
				ASSETCATALOG_COMPILER_APPICON_NAME = AppIcon;
				INFOPLIST_FILE = Todo/Info.plist;
				LD_RUNPATH_SEARCH_PATHS = "$(inherited) @executable_path/Frameworks";
				PRODUCT_NAME = "$(TARGET_NAME)";
			};
			name = Release;
		};
		6B2D1E541B2BEC6300B5A699 /* Debug */ = {
			isa = XCBuildConfiguration;
			buildSettings = {
				BUNDLE_LOADER = "$(TEST_HOST)";
				FRAMEWORK_SEARCH_PATHS = (
					"$(SDKROOT)/Developer/Library/Frameworks",
					"$(inherited)",
				);
				GCC_PREPROCESSOR_DEFINITIONS = (
					"DEBUG=1",
					"$(inherited)",
				);
				INFOPLIST_FILE = TodoTests/Info.plist;
				LD_RUNPATH_SEARCH_PATHS = "$(inherited) @executable_path/Frameworks @loader_path/Frameworks";
				PRODUCT_NAME = "$(TARGET_NAME)";
				TEST_HOST = "$(BUILT_PRODUCTS_DIR)/Todo.app/Todo";
			};
			name = Debug;
		};
		6B2D1E551B2BEC6300B5A699 /* Release */ = {
			isa = XCBuildConfiguration;
			buildSettings = {
				BUNDLE_LOADER = "$(TEST_HOST)";
				FRAMEWORK_SEARCH_PATHS = (
					"$(SDKROOT)/Developer/Library/Frameworks",
					"$(inherited)",
				);
				INFOPLIST_FILE = TodoTests/Info.plist;
				LD_RUNPATH_SEARCH_PATHS = "$(inherited) @executable_path/Frameworks @loader_path/Frameworks";
				PRODUCT_NAME = "$(TARGET_NAME)";
				TEST_HOST = "$(BUILT_PRODUCTS_DIR)/Todo.app/Todo";
			};
			name = Release;
		};
/* End XCBuildConfiguration section */

/* Begin XCConfigurationList section */
		6B2D1E2C1B2BEC6300B5A699 /* Build configuration list for PBXProject "Todo" */ = {
			isa = XCConfigurationList;
			buildConfigurations = (
				6B2D1E4E1B2BEC6300B5A699 /* Debug */,
				6B2D1E4F1B2BEC6300B5A699 /* Release */,
			);
			defaultConfigurationIsVisible = 0;
			defaultConfigurationName = Release;
		};
		6B2D1E501B2BEC6300B5A699 /* Build configuration list for PBXNativeTarget "Todo" */ = {
			isa = XCConfigurationList;
			buildConfigurations = (
				6B2D1E511B2BEC6300B5A699 /* Debug */,
				6B2D1E521B2BEC6300B5A699 /* Release */,
			);
			defaultConfigurationIsVisible = 0;
		};
		6B2D1E531B2BEC6300B5A699 /* Build configuration list for PBXNativeTarget "TodoTests" */ = {
			isa = XCConfigurationList;
			buildConfigurations = (
				6B2D1E541B2BEC6300B5A699 /* Debug */,
				6B2D1E551B2BEC6300B5A699 /* Release */,
			);
			defaultConfigurationIsVisible = 0;
		};
/* End XCConfigurationList section */
	};
	rootObject = 6B2D1E291B2BEC6300B5A699 /* Project object */;
}
